
Microsoft Visual Studio Solution File, Format Version 12.00
# Visual Studio 15
VisualStudioVersion = 15.0.27130.2010
MinimumVisualStudioVersion = 10.0.40219.1
Project("{9A19103F-16F7-4668-BE54-9A1E7A4F7556}") = "DeckService", "DeckService\DeckService.csproj", "{5C8C4957-C04C-4AAB-B8F5-5321974E6CD3}"
EndProject
Project("{9A19103F-16F7-4668-BE54-9A1E7A4F7556}") = "UnitTests", "UnitTests\UnitTests.csproj", "{EAB3F9AF-58DD-42B8-9C78-C36258E9F1D7}"
EndProject
Project("{E53339B2-1760-4266-BCC7-CA923CBCF16C}") = "docker-compose", "docker-compose.dcproj", "{450FD0C9-4BE9-4158-8AB9-13958BB6CBA9}"
EndProject
Project("{2150E333-8FDC-42A3-9474-1A3956D46DE8}") = "Solution Items", "Solution Items", "{303C42FA-B3CA-4D0E-936E-C51349B65D59}"
	ProjectSection(SolutionItems) = preProject
		README.md = README.md
	EndProjectSection
EndProject
Global
	GlobalSection(SolutionConfigurationPlatforms) = preSolution
		Debug|Any CPU = Debug|Any CPU
		Release|Any CPU = Release|Any CPU
	EndGlobalSection
	GlobalSection(ProjectConfigurationPlatforms) = postSolution
		{5C8C4957-C04C-4AAB-B8F5-5321974E6CD3}.Debug|Any CPU.ActiveCfg = Debug|Any CPU
		{5C8C4957-C04C-4AAB-B8F5-5321974E6CD3}.Debug|Any CPU.Build.0 = Debug|Any CPU
		{5C8C4957-C04C-4AAB-B8F5-5321974E6CD3}.Release|Any CPU.ActiveCfg = Release|Any CPU
		{5C8C4957-C04C-4AAB-B8F5-5321974E6CD3}.Release|Any CPU.Build.0 = Release|Any CPU
		{EAB3F9AF-58DD-42B8-9C78-C36258E9F1D7}.Debug|Any CPU.ActiveCfg = Debug|Any CPU
		{EAB3F9AF-58DD-42B8-9C78-C36258E9F1D7}.Debug|Any CPU.Build.0 = Debug|Any CPU
		{EAB3F9AF-58DD-42B8-9C78-C36258E9F1D7}.Release|Any CPU.ActiveCfg = Release|Any CPU
		{EAB3F9AF-58DD-42B8-9C78-C36258E9F1D7}.Release|Any CPU.Build.0 = Release|Any CPU
		{450FD0C9-4BE9-4158-8AB9-13958BB6CBA9}.Debug|Any CPU.ActiveCfg = Debug|Any CPU
		{450FD0C9-4BE9-4158-8AB9-13958BB6CBA9}.Debug|Any CPU.Build.0 = Debug|Any CPU
		{450FD0C9-4BE9-4158-8AB9-13958BB6CBA9}.Release|Any CPU.ActiveCfg = Release|Any CPU
		{450FD0C9-4BE9-4158-8AB9-13958BB6CBA9}.Release|Any CPU.Build.0 = Release|Any CPU
	EndGlobalSection
	GlobalSection(SolutionProperties) = preSolution
		HideSolutionNode = FALSE
	EndGlobalSection
	GlobalSection(ExtensibilityGlobals) = postSolution
		SolutionGuid = {A6230BBF-2413-479C-A5FC-07A36D9F9C23}
	EndGlobalSection
EndGlobal
